
Microsoft Visual Studio Solution File, Format Version 12.00
# Visual Studio 15
VisualStudioVersion = 15.0.28307.572
MinimumVisualStudioVersion = 10.0.40219.1
Project("{FAE04EC0-301F-11D3-BF4B-00C04F79EFBC}") = "testFunkcji Graffiti", "testFunkcji Graffiti\testFunkcji Graffiti.csproj", "{E4900423-3E3C-4F76-8D6B-F2E9AB8168D7}"
EndProject
Project("{FAE04EC0-301F-11D3-BF4B-00C04F79EFBC}") = "Graffiti.MST", "..\Graffiti.MST\Graffiti.MST\Graffiti.MST.csproj", "{C33F6B02-F8B4-4040-AE28-E30767D8A480}"
EndProject
Project("{9A19103F-16F7-4668-BE54-9A1E7A4F7556}") = "GraffitiListener", "..\Guciax\GraffitiListener\GraffitiListener\GraffitiListener.csproj", "{D4EC4CD2-0D5B-415E-91AF-8D5EC1F3C985}"
EndProject
Project("{FAE04EC0-301F-11D3-BF4B-00C04F79EFBC}") = "MST.MES", "..\MST.MES\MST.MES\MST.MES.csproj", "{3A75370E-11B7-4582-A6AF-73CAF3A9E997}"
EndProject
Global
	GlobalSection(SolutionConfigurationPlatforms) = preSolution
		Debug|Any CPU = Debug|Any CPU
		Release|Any CPU = Release|Any CPU
	EndGlobalSection
	GlobalSection(ProjectConfigurationPlatforms) = postSolution
		{E4900423-3E3C-4F76-8D6B-F2E9AB8168D7}.Debug|Any CPU.ActiveCfg = Debug|Any CPU
		{E4900423-3E3C-4F76-8D6B-F2E9AB8168D7}.Debug|Any CPU.Build.0 = Debug|Any CPU
		{E4900423-3E3C-4F76-8D6B-F2E9AB8168D7}.Release|Any CPU.ActiveCfg = Release|Any CPU
		{E4900423-3E3C-4F76-8D6B-F2E9AB8168D7}.Release|Any CPU.Build.0 = Release|Any CPU
		{C33F6B02-F8B4-4040-AE28-E30767D8A480}.Debug|Any CPU.ActiveCfg = Debug|Any CPU
		{C33F6B02-F8B4-4040-AE28-E30767D8A480}.Debug|Any CPU.Build.0 = Debug|Any CPU
		{C33F6B02-F8B4-4040-AE28-E30767D8A480}.Release|Any CPU.ActiveCfg = Release|Any CPU
		{C33F6B02-F8B4-4040-AE28-E30767D8A480}.Release|Any CPU.Build.0 = Release|Any CPU
		{D4EC4CD2-0D5B-415E-91AF-8D5EC1F3C985}.Debug|Any CPU.ActiveCfg = Debug|Any CPU
		{D4EC4CD2-0D5B-415E-91AF-8D5EC1F3C985}.Debug|Any CPU.Build.0 = Debug|Any CPU
		{D4EC4CD2-0D5B-415E-91AF-8D5EC1F3C985}.Release|Any CPU.ActiveCfg = Release|Any CPU
		{D4EC4CD2-0D5B-415E-91AF-8D5EC1F3C985}.Release|Any CPU.Build.0 = Release|Any CPU
		{3A75370E-11B7-4582-A6AF-73CAF3A9E997}.Debug|Any CPU.ActiveCfg = Debug|Any CPU
		{3A75370E-11B7-4582-A6AF-73CAF3A9E997}.Debug|Any CPU.Build.0 = Debug|Any CPU
		{3A75370E-11B7-4582-A6AF-73CAF3A9E997}.Release|Any CPU.ActiveCfg = Release|Any CPU
		{3A75370E-11B7-4582-A6AF-73CAF3A9E997}.Release|Any CPU.Build.0 = Release|Any CPU
	EndGlobalSection
	GlobalSection(SolutionProperties) = preSolution
		HideSolutionNode = FALSE
	EndGlobalSection
	GlobalSection(ExtensibilityGlobals) = postSolution
		SolutionGuid = {F88CF9AA-8D55-431D-9E4F-CB17E28848AF}
	EndGlobalSection
EndGlobal
